
Microsoft Visual Studio Solution File, Format Version 12.00
# Visual Studio Version 16
VisualStudioVersion = 16.0.31005.135
MinimumVisualStudioVersion = 10.0.40219.1
Project("{FAE04EC0-301F-11D3-BF4B-00C04F79EFBC}") = "ClasesYO_Cajero", "ClasesYO_Cajero\ClasesYO_Cajero.csproj", "{1D88672A-9FBC-4FF0-915B-E365CF3C53F8}"
EndProject
Global
	GlobalSection(SolutionConfigurationPlatforms) = preSolution
		Debug|Any CPU = Debug|Any CPU
		Release|Any CPU = Release|Any CPU
	EndGlobalSection
	GlobalSection(ProjectConfigurationPlatforms) = postSolution
		{1D88672A-9FBC-4FF0-915B-E365CF3C53F8}.Debug|Any CPU.ActiveCfg = Debug|Any CPU
		{1D88672A-9FBC-4FF0-915B-E365CF3C53F8}.Debug|Any CPU.Build.0 = Debug|Any CPU
		{1D88672A-9FBC-4FF0-915B-E365CF3C53F8}.Release|Any CPU.ActiveCfg = Release|Any CPU
		{1D88672A-9FBC-4FF0-915B-E365CF3C53F8}.Release|Any CPU.Build.0 = Release|Any CPU
	EndGlobalSection
	GlobalSection(SolutionProperties) = preSolution
		HideSolutionNode = FALSE
	EndGlobalSection
	GlobalSection(ExtensibilityGlobals) = postSolution
		SolutionGuid = {5F5C0B38-B869-4E0C-95B4-035D502E07F0}
	EndGlobalSection
EndGlobal
